
Microsoft Visual Studio Solution File, Format Version 12.00
# Visual Studio Version 16
VisualStudioVersion = 16.0.29728.190
MinimumVisualStudioVersion = 10.0.40219.1
Project("{9A19103F-16F7-4668-BE54-9A1E7A4F7556}") = "Solid.Identity.Protocols.WsTrust", "Solid.Identity.Protocols.WsTrust\Solid.Identity.Protocols.WsTrust.csproj", "{BD9DD568-0BDD-4E45-86A8-6D560661DA44}"
EndProject
Project("{2150E333-8FDC-42A3-9474-1A3956D46DE8}") = ".repo", ".repo", "{A37ED134-44B7-4CBB-8E3C-0A22EDACD24B}"
	ProjectSection(SolutionItems) = preProject
		..\.gitignore = ..\.gitignore
		..\LICENSE = ..\LICENSE
		..\NuGet.Config = ..\NuGet.Config
		..\README.md = ..\README.md
	EndProjectSection
EndProject
Project("{2150E333-8FDC-42A3-9474-1A3956D46DE8}") = ".tests", ".tests", "{6654A9A8-AC22-459A-9ECF-8ED326FFC675}"
EndProject
Project("{9A19103F-16F7-4668-BE54-9A1E7A4F7556}") = "Solid.Identity.Protocols.WsTrust.Tests", "Solid.Identity.Protocols.WsTrust.Tests\Solid.Identity.Protocols.WsTrust.Tests.csproj", "{DC41A41B-AE56-44C8-9601-029D7768F0EC}"
EndProject
Project("{2150E333-8FDC-42A3-9474-1A3956D46DE8}") = ".github", ".github", "{FD46D756-F3AA-4C22-80C9-76B98936EDFA}"
EndProject
Project("{2150E333-8FDC-42A3-9474-1A3956D46DE8}") = "workflows", "workflows", "{F608432F-DB97-410F-A095-F4382DE20E18}"
	ProjectSection(SolutionItems) = preProject
		..\.github\workflows\publish.yml = ..\.github\workflows\publish.yml
	EndProjectSection
EndProject
Project("{FAE04EC0-301F-11D3-BF4B-00C04F79EFBC}") = "Solid.ServiceModel.Security.WsTrust", "Solid.ServiceModel.Security.WsTrust\Solid.ServiceModel.Security.WsTrust.csproj", "{5E88F2C3-1CAA-4B28-AEA2-035AA199CB2E}"
EndProject
Project("{2150E333-8FDC-42A3-9474-1A3956D46DE8}") = ".samples", ".samples", "{EC2110CF-2F73-4465-94C0-96A2E1F0553E}"
EndProject
Project("{FAE04EC0-301F-11D3-BF4B-00C04F79EFBC}") = "WsTrust.Sts.Sample", "..\samples\WsTrust.Sts.Sample\WsTrust.Sts.Sample.csproj", "{6C9528C9-5222-4AE0-909D-87BCA5ABA3DC}"
EndProject
Project("{FAE04EC0-301F-11D3-BF4B-00C04F79EFBC}") = "WsTrust.Client.Sample", "..\samples\WsTrust.Client.Sample\WsTrust.Client.Sample.csproj", "{E5D7E647-61B0-4321-B762-E29AFF9D7434}"
EndProject
Global
	GlobalSection(SolutionConfigurationPlatforms) = preSolution
		Debug|Any CPU = Debug|Any CPU
		Release|Any CPU = Release|Any CPU
	EndGlobalSection
	GlobalSection(ProjectConfigurationPlatforms) = postSolution
		{BD9DD568-0BDD-4E45-86A8-6D560661DA44}.Debug|Any CPU.ActiveCfg = Debug|Any CPU
		{BD9DD568-0BDD-4E45-86A8-6D560661DA44}.Debug|Any CPU.Build.0 = Debug|Any CPU
		{BD9DD568-0BDD-4E45-86A8-6D560661DA44}.Release|Any CPU.ActiveCfg = Release|Any CPU
		{BD9DD568-0BDD-4E45-86A8-6D560661DA44}.Release|Any CPU.Build.0 = Release|Any CPU
		{DC41A41B-AE56-44C8-9601-029D7768F0EC}.Debug|Any CPU.ActiveCfg = Debug|Any CPU
		{DC41A41B-AE56-44C8-9601-029D7768F0EC}.Debug|Any CPU.Build.0 = Debug|Any CPU
		{DC41A41B-AE56-44C8-9601-029D7768F0EC}.Release|Any CPU.ActiveCfg = Release|Any CPU
		{5E88F2C3-1CAA-4B28-AEA2-035AA199CB2E}.Debug|Any CPU.ActiveCfg = Debug|Any CPU
		{5E88F2C3-1CAA-4B28-AEA2-035AA199CB2E}.Debug|Any CPU.Build.0 = Debug|Any CPU
		{5E88F2C3-1CAA-4B28-AEA2-035AA199CB2E}.Release|Any CPU.ActiveCfg = Release|Any CPU
		{5E88F2C3-1CAA-4B28-AEA2-035AA199CB2E}.Release|Any CPU.Build.0 = Release|Any CPU
		{6C9528C9-5222-4AE0-909D-87BCA5ABA3DC}.Debug|Any CPU.ActiveCfg = Debug|Any CPU
		{6C9528C9-5222-4AE0-909D-87BCA5ABA3DC}.Debug|Any CPU.Build.0 = Debug|Any CPU
		{6C9528C9-5222-4AE0-909D-87BCA5ABA3DC}.Release|Any CPU.ActiveCfg = Release|Any CPU
		{6C9528C9-5222-4AE0-909D-87BCA5ABA3DC}.Release|Any CPU.Build.0 = Release|Any CPU
		{E5D7E647-61B0-4321-B762-E29AFF9D7434}.Debug|Any CPU.ActiveCfg = Debug|Any CPU
		{E5D7E647-61B0-4321-B762-E29AFF9D7434}.Debug|Any CPU.Build.0 = Debug|Any CPU
		{E5D7E647-61B0-4321-B762-E29AFF9D7434}.Release|Any CPU.ActiveCfg = Release|Any CPU
		{E5D7E647-61B0-4321-B762-E29AFF9D7434}.Release|Any CPU.Build.0 = Release|Any CPU
	EndGlobalSection
	GlobalSection(SolutionProperties) = preSolution
		HideSolutionNode = FALSE
	EndGlobalSection
	GlobalSection(NestedProjects) = preSolution
		{DC41A41B-AE56-44C8-9601-029D7768F0EC} = {6654A9A8-AC22-459A-9ECF-8ED326FFC675}
		{FD46D756-F3AA-4C22-80C9-76B98936EDFA} = {A37ED134-44B7-4CBB-8E3C-0A22EDACD24B}
		{F608432F-DB97-410F-A095-F4382DE20E18} = {FD46D756-F3AA-4C22-80C9-76B98936EDFA}
		{6C9528C9-5222-4AE0-909D-87BCA5ABA3DC} = {EC2110CF-2F73-4465-94C0-96A2E1F0553E}
		{E5D7E647-61B0-4321-B762-E29AFF9D7434} = {EC2110CF-2F73-4465-94C0-96A2E1F0553E}
	EndGlobalSection
	GlobalSection(ExtensibilityGlobals) = postSolution
		SolutionGuid = {EC67A6C0-37E7-4E97-B83D-A14CD395ECF7}
	EndGlobalSection
EndGlobal
